
Microsoft Visual Studio Solution File, Format Version 12.00
# Visual Studio Version 17
VisualStudioVersion = 17.2.32630.192
MinimumVisualStudioVersion = 10.0.40219.1
Project("{9A19103F-16F7-4668-BE54-9A1E7A4F7556}") = "ExchangeQuotesCalculator.Server", "ExchangeQuotesCalculator.Server\ExchangeQuotesCalculator.Server.csproj", "{C3AB1DC6-8809-4221-A9F4-B4446AD5850A}"
EndProject
Project("{9A19103F-16F7-4668-BE54-9A1E7A4F7556}") = "ExchangeQuotesCalculator.Client", "ExchangeQuotesCalculator.Client\ExchangeQuotesCalculator.Client.csproj", "{0D6D98B8-84E5-46FD-8805-A7F2289D5FB8}"
EndProject
Project("{FAE04EC0-301F-11D3-BF4B-00C04F79EFBC}") = "Test", "Test\Test.csproj", "{77547CCE-35F4-4D8B-82D0-7BE3B35D8835}"
EndProject
Global
	GlobalSection(SolutionConfigurationPlatforms) = preSolution
		Debug|Any CPU = Debug|Any CPU
		Release|Any CPU = Release|Any CPU
	EndGlobalSection
	GlobalSection(ProjectConfigurationPlatforms) = postSolution
		{C3AB1DC6-8809-4221-A9F4-B4446AD5850A}.Debug|Any CPU.ActiveCfg = Debug|Any CPU
		{C3AB1DC6-8809-4221-A9F4-B4446AD5850A}.Debug|Any CPU.Build.0 = Debug|Any CPU
		{C3AB1DC6-8809-4221-A9F4-B4446AD5850A}.Release|Any CPU.ActiveCfg = Release|Any CPU
		{C3AB1DC6-8809-4221-A9F4-B4446AD5850A}.Release|Any CPU.Build.0 = Release|Any CPU
		{0D6D98B8-84E5-46FD-8805-A7F2289D5FB8}.Debug|Any CPU.ActiveCfg = Debug|Any CPU
		{0D6D98B8-84E5-46FD-8805-A7F2289D5FB8}.Debug|Any CPU.Build.0 = Debug|Any CPU
		{0D6D98B8-84E5-46FD-8805-A7F2289D5FB8}.Release|Any CPU.ActiveCfg = Release|Any CPU
		{0D6D98B8-84E5-46FD-8805-A7F2289D5FB8}.Release|Any CPU.Build.0 = Release|Any CPU
		{77547CCE-35F4-4D8B-82D0-7BE3B35D8835}.Debug|Any CPU.ActiveCfg = Debug|Any CPU
		{77547CCE-35F4-4D8B-82D0-7BE3B35D8835}.Debug|Any CPU.Build.0 = Debug|Any CPU
		{77547CCE-35F4-4D8B-82D0-7BE3B35D8835}.Release|Any CPU.ActiveCfg = Release|Any CPU
		{77547CCE-35F4-4D8B-82D0-7BE3B35D8835}.Release|Any CPU.Build.0 = Release|Any CPU
	EndGlobalSection
	GlobalSection(SolutionProperties) = preSolution
		HideSolutionNode = FALSE
	EndGlobalSection
	GlobalSection(ExtensibilityGlobals) = postSolution
		SolutionGuid = {6E67B887-DD4C-49CD-AB58-987B4E7FF09B}
	EndGlobalSection
EndGlobal
